
Microsoft Visual Studio Solution File, Format Version 12.00
# Visual Studio Version 17
VisualStudioVersion = 17.0.32014.148
MinimumVisualStudioVersion = 10.0.40219.1
Project("{FAE04EC0-301F-11D3-BF4B-00C04F79EFBC}") = "GrpcDemoProject", "GrpcDemoProject.csproj", "{C49D0CB1-5526-42B6-981D-FF005CAE5637}"
EndProject
Global
	GlobalSection(SolutionConfigurationPlatforms) = preSolution
		Debug|Any CPU = Debug|Any CPU
		Release|Any CPU = Release|Any CPU
	EndGlobalSection
	GlobalSection(ProjectConfigurationPlatforms) = postSolution
		{C49D0CB1-5526-42B6-981D-FF005CAE5637}.Debug|Any CPU.ActiveCfg = Debug|Any CPU
		{C49D0CB1-5526-42B6-981D-FF005CAE5637}.Debug|Any CPU.Build.0 = Debug|Any CPU
		{C49D0CB1-5526-42B6-981D-FF005CAE5637}.Release|Any CPU.ActiveCfg = Release|Any CPU
		{C49D0CB1-5526-42B6-981D-FF005CAE5637}.Release|Any CPU.Build.0 = Release|Any CPU
	EndGlobalSection
	GlobalSection(SolutionProperties) = preSolution
		HideSolutionNode = FALSE
	EndGlobalSection
	GlobalSection(ExtensibilityGlobals) = postSolution
		SolutionGuid = {7EB13332-D649-49BE-90F6-F27C19B6B09C}
	EndGlobalSection
EndGlobal
